
Microsoft Visual Studio Solution File, Format Version 12.00
# Visual Studio Version 17
VisualStudioVersion = 17.9.34622.214
MinimumVisualStudioVersion = 10.0.40219.1
Project("{E53339B2-1760-4266-BCC7-CA923CBCF16C}") = "docker-compose", "docker-compose.dcproj", "{4D74AC39-2FE5-4F9C-A88F-E99B4A74A62A}"
EndProject
Project("{FAE04EC0-301F-11D3-BF4B-00C04F79EFBC}") = "Gateway.API", "Gateway.API\Gateway.API.csproj", "{F6453F48-48A0-40B7-BDB2-E03137E97642}"
EndProject
Project("{FAE04EC0-301F-11D3-BF4B-00C04F79EFBC}") = "Weather.API", "Weather.API\Weather.API.csproj", "{6C263BC4-BB14-4A90-9554-2F40A928397C}"
EndProject
Global
	GlobalSection(SolutionConfigurationPlatforms) = preSolution
		Debug|Any CPU = Debug|Any CPU
		Release|Any CPU = Release|Any CPU
	EndGlobalSection
	GlobalSection(ProjectConfigurationPlatforms) = postSolution
		{4D74AC39-2FE5-4F9C-A88F-E99B4A74A62A}.Debug|Any CPU.ActiveCfg = Debug|Any CPU
		{4D74AC39-2FE5-4F9C-A88F-E99B4A74A62A}.Debug|Any CPU.Build.0 = Debug|Any CPU
		{4D74AC39-2FE5-4F9C-A88F-E99B4A74A62A}.Release|Any CPU.ActiveCfg = Release|Any CPU
		{4D74AC39-2FE5-4F9C-A88F-E99B4A74A62A}.Release|Any CPU.Build.0 = Release|Any CPU
		{F6453F48-48A0-40B7-BDB2-E03137E97642}.Debug|Any CPU.ActiveCfg = Debug|Any CPU
		{F6453F48-48A0-40B7-BDB2-E03137E97642}.Debug|Any CPU.Build.0 = Debug|Any CPU
		{F6453F48-48A0-40B7-BDB2-E03137E97642}.Release|Any CPU.ActiveCfg = Release|Any CPU
		{F6453F48-48A0-40B7-BDB2-E03137E97642}.Release|Any CPU.Build.0 = Release|Any CPU
		{6C263BC4-BB14-4A90-9554-2F40A928397C}.Debug|Any CPU.ActiveCfg = Debug|Any CPU
		{6C263BC4-BB14-4A90-9554-2F40A928397C}.Debug|Any CPU.Build.0 = Debug|Any CPU
		{6C263BC4-BB14-4A90-9554-2F40A928397C}.Release|Any CPU.ActiveCfg = Release|Any CPU
		{6C263BC4-BB14-4A90-9554-2F40A928397C}.Release|Any CPU.Build.0 = Release|Any CPU
	EndGlobalSection
	GlobalSection(SolutionProperties) = preSolution
		HideSolutionNode = FALSE
	EndGlobalSection
	GlobalSection(ExtensibilityGlobals) = postSolution
		SolutionGuid = {18B83726-7F1B-487E-9DB2-F7ADB67D21B0}
	EndGlobalSection
EndGlobal
